
Microsoft Visual Studio Solution File, Format Version 12.00
# Visual Studio Version 17
VisualStudioVersion = 17.8.34408.163
MinimumVisualStudioVersion = 10.0.40219.1
Project("{FAE04EC0-301F-11D3-BF4B-00C04F79EFBC}") = "Story_Thingy", "Story_Thingy\Story_Thingy.csproj", "{044131DB-1025-4204-AD52-26FF7785A3CE}"
EndProject
Global
	GlobalSection(SolutionConfigurationPlatforms) = preSolution
		Debug|Any CPU = Debug|Any CPU
		Release|Any CPU = Release|Any CPU
	EndGlobalSection
	GlobalSection(ProjectConfigurationPlatforms) = postSolution
		{044131DB-1025-4204-AD52-26FF7785A3CE}.Debug|Any CPU.ActiveCfg = Debug|Any CPU
		{044131DB-1025-4204-AD52-26FF7785A3CE}.Debug|Any CPU.Build.0 = Debug|Any CPU
		{044131DB-1025-4204-AD52-26FF7785A3CE}.Release|Any CPU.ActiveCfg = Release|Any CPU
		{044131DB-1025-4204-AD52-26FF7785A3CE}.Release|Any CPU.Build.0 = Release|Any CPU
	EndGlobalSection
	GlobalSection(SolutionProperties) = preSolution
		HideSolutionNode = FALSE
	EndGlobalSection
	GlobalSection(ExtensibilityGlobals) = postSolution
		SolutionGuid = {CEB5F2C6-6F76-48A2-950A-E26F40D0F821}
	EndGlobalSection
EndGlobal
